
Microsoft Visual Studio Solution File, Format Version 12.00
# Visual Studio Version 17
VisualStudioVersion = 17.2.32630.192
MinimumVisualStudioVersion = 10.0.40219.1
Project("{F184B08F-C81C-45F6-A57F-5ABD9991F28F}") = "tip caculator", "tip caculator\tip caculator.vbproj", "{EA9E78E5-8391-46D5-9125-78994866BAA0}"
EndProject
Global
	GlobalSection(SolutionConfigurationPlatforms) = preSolution
		Debug|Any CPU = Debug|Any CPU
		Release|Any CPU = Release|Any CPU
	EndGlobalSection
	GlobalSection(ProjectConfigurationPlatforms) = postSolution
		{EA9E78E5-8391-46D5-9125-78994866BAA0}.Debug|Any CPU.ActiveCfg = Debug|Any CPU
		{EA9E78E5-8391-46D5-9125-78994866BAA0}.Debug|Any CPU.Build.0 = Debug|Any CPU
		{EA9E78E5-8391-46D5-9125-78994866BAA0}.Release|Any CPU.ActiveCfg = Release|Any CPU
		{EA9E78E5-8391-46D5-9125-78994866BAA0}.Release|Any CPU.Build.0 = Release|Any CPU
	EndGlobalSection
	GlobalSection(SolutionProperties) = preSolution
		HideSolutionNode = FALSE
	EndGlobalSection
	GlobalSection(ExtensibilityGlobals) = postSolution
		SolutionGuid = {AD6C3BFB-E06F-4828-BA58-8D9725083E88}
	EndGlobalSection
EndGlobal
