
Microsoft Visual Studio Solution File, Format Version 12.00
# Visual Studio Version 17
VisualStudioVersion = 17.2.32630.192
MinimumVisualStudioVersion = 10.0.40219.1
Project("{F184B08F-C81C-45F6-A57F-5ABD9991F28F}") = "new project", "new project\new project.vbproj", "{104F85E8-9C0D-4C26-9D45-206EFC516479}"
EndProject
Global
	GlobalSection(SolutionConfigurationPlatforms) = preSolution
		Debug|Any CPU = Debug|Any CPU
		Release|Any CPU = Release|Any CPU
	EndGlobalSection
	GlobalSection(ProjectConfigurationPlatforms) = postSolution
		{104F85E8-9C0D-4C26-9D45-206EFC516479}.Debug|Any CPU.ActiveCfg = Debug|Any CPU
		{104F85E8-9C0D-4C26-9D45-206EFC516479}.Debug|Any CPU.Build.0 = Debug|Any CPU
		{104F85E8-9C0D-4C26-9D45-206EFC516479}.Release|Any CPU.ActiveCfg = Release|Any CPU
		{104F85E8-9C0D-4C26-9D45-206EFC516479}.Release|Any CPU.Build.0 = Release|Any CPU
	EndGlobalSection
	GlobalSection(SolutionProperties) = preSolution
		HideSolutionNode = FALSE
	EndGlobalSection
	GlobalSection(ExtensibilityGlobals) = postSolution
		SolutionGuid = {E6DE8EEF-6D45-4C00-9714-AE5B2D12E9EF}
	EndGlobalSection
EndGlobal
